{
  "version": 4,
  "terraform_version": "0.14.9",
  "serial": 6,
  "lineage": "2b3070a6-8204-0609-76ca-36523c12fb43",
  "outputs": {
    "name": {
      "value": {
        "email": "wohadep882@laraskey.com",
        "first_name": "Jethalal",
        "id": "wohadep882@laraskey.com",
        "last_name": "gada",
        "type": 1
      },
      "type": [
        "object",
        {
          "email": "string",
          "first_name": "string",
          "id": "string",
          "last_name": "string",
          "type": "number"
        }
      ]
    }
  },
  "resources": [
    {
      "mode": "data",
      "type": "zoom_read_single_user",
      "name": "mp",
      "provider": "provider[\"zoom.com/temp/zoom\"]",
      "instances": [
        {
          "schema_version": 0,
          "attributes": {
            "email": "wohadep882@laraskey.com",
            "first_name": "Jethalal",
            "id": "wohadep882@laraskey.com",
            "last_name": "gada",
            "type": 1
          },
          "sensitive_attributes": []
        }
      ]
    },
    {
      "mode": "managed",
      "type": "zoom_resource",
      "name": "mx",
      "provider": "provider[\"zoom.com/temp/zoom\"]",
      "instances": [
        {
          "schema_version": 0,
          "attributes": {
            "email": "wohadep882@laraskey.com",
            "first_name": "Jethalal",
            "id": "wohadep882@laraskey.com",
            "last_name": "gada",
            "type": 1
          },
          "sensitive_attributes": [],
          "private": "bnVsbA=="
        }
      ]
    }
  ]
}
